
Microsoft Visual Studio Solution File, Format Version 12.00
# Visual Studio Version 17
VisualStudioVersion = 17.2.32602.215
MinimumVisualStudioVersion = 10.0.40219.1
Project("{2150E333-8FDC-42A3-9474-1A3956D46DE8}") = "Learn_0100", "Learn_0100", "{C7B5985B-02CA-4E09-A8C6-B7B2A1F447B6}"
EndProject
Project("{9A19103F-16F7-4668-BE54-9A1E7A4F7556}") = "Application", "Learn_0100\Application\Application.csproj", "{5E403CDA-506D-4D0C-A1A7-D9D7963E61F1}"
EndProject
Project("{2150E333-8FDC-42A3-9474-1A3956D46DE8}") = "Learn_0200", "Learn_0200", "{C1174EDF-1140-4F01-9B99-6E3CB4B2CC91}"
EndProject
Project("{9A19103F-16F7-4668-BE54-9A1E7A4F7556}") = "Application", "Learn_0200\Application\Application.csproj", "{1FA7850F-77E5-49DE-8195-652F6A539CFE}"
EndProject
Project("{2150E333-8FDC-42A3-9474-1A3956D46DE8}") = "Learn_0300", "Learn_0300", "{3BCE9C66-1172-4865-8DB1-51DB58A8ABD9}"
EndProject
Project("{9A19103F-16F7-4668-BE54-9A1E7A4F7556}") = "Application", "Learn_0300\Application\Application.csproj", "{E208C792-E911-410C-AE2B-8B2FAB427822}"
EndProject
Project("{2150E333-8FDC-42A3-9474-1A3956D46DE8}") = "Shared", "Shared", "{97931C99-4F9E-4BB7-880F-59BE3903A528}"
EndProject
Project("{FAE04EC0-301F-11D3-BF4B-00C04F79EFBC}") = "Dtat", "Shared\Dtat\Dtat.csproj", "{47A0D232-12FD-4906-AE28-94F26B0FC412}"
EndProject
Global
	GlobalSection(SolutionConfigurationPlatforms) = preSolution
		Debug|Any CPU = Debug|Any CPU
		Release|Any CPU = Release|Any CPU
	EndGlobalSection
	GlobalSection(ProjectConfigurationPlatforms) = postSolution
		{5E403CDA-506D-4D0C-A1A7-D9D7963E61F1}.Debug|Any CPU.ActiveCfg = Debug|Any CPU
		{5E403CDA-506D-4D0C-A1A7-D9D7963E61F1}.Debug|Any CPU.Build.0 = Debug|Any CPU
		{5E403CDA-506D-4D0C-A1A7-D9D7963E61F1}.Release|Any CPU.ActiveCfg = Release|Any CPU
		{5E403CDA-506D-4D0C-A1A7-D9D7963E61F1}.Release|Any CPU.Build.0 = Release|Any CPU
		{1FA7850F-77E5-49DE-8195-652F6A539CFE}.Debug|Any CPU.ActiveCfg = Debug|Any CPU
		{1FA7850F-77E5-49DE-8195-652F6A539CFE}.Debug|Any CPU.Build.0 = Debug|Any CPU
		{1FA7850F-77E5-49DE-8195-652F6A539CFE}.Release|Any CPU.ActiveCfg = Release|Any CPU
		{1FA7850F-77E5-49DE-8195-652F6A539CFE}.Release|Any CPU.Build.0 = Release|Any CPU
		{E208C792-E911-410C-AE2B-8B2FAB427822}.Debug|Any CPU.ActiveCfg = Debug|Any CPU
		{E208C792-E911-410C-AE2B-8B2FAB427822}.Debug|Any CPU.Build.0 = Debug|Any CPU
		{E208C792-E911-410C-AE2B-8B2FAB427822}.Release|Any CPU.ActiveCfg = Release|Any CPU
		{E208C792-E911-410C-AE2B-8B2FAB427822}.Release|Any CPU.Build.0 = Release|Any CPU
		{47A0D232-12FD-4906-AE28-94F26B0FC412}.Debug|Any CPU.ActiveCfg = Debug|Any CPU
		{47A0D232-12FD-4906-AE28-94F26B0FC412}.Debug|Any CPU.Build.0 = Debug|Any CPU
		{47A0D232-12FD-4906-AE28-94F26B0FC412}.Release|Any CPU.ActiveCfg = Release|Any CPU
		{47A0D232-12FD-4906-AE28-94F26B0FC412}.Release|Any CPU.Build.0 = Release|Any CPU
	EndGlobalSection
	GlobalSection(SolutionProperties) = preSolution
		HideSolutionNode = FALSE
	EndGlobalSection
	GlobalSection(NestedProjects) = preSolution
		{5E403CDA-506D-4D0C-A1A7-D9D7963E61F1} = {C7B5985B-02CA-4E09-A8C6-B7B2A1F447B6}
		{1FA7850F-77E5-49DE-8195-652F6A539CFE} = {C1174EDF-1140-4F01-9B99-6E3CB4B2CC91}
		{E208C792-E911-410C-AE2B-8B2FAB427822} = {3BCE9C66-1172-4865-8DB1-51DB58A8ABD9}
		{47A0D232-12FD-4906-AE28-94F26B0FC412} = {97931C99-4F9E-4BB7-880F-59BE3903A528}
	EndGlobalSection
	GlobalSection(ExtensibilityGlobals) = postSolution
		SolutionGuid = {B86F9743-EC22-4C94-A3BE-8BFA09344278}
	EndGlobalSection
EndGlobal
